
Microsoft Visual Studio Solution File, Format Version 12.00
# Visual Studio 15
VisualStudioVersion = 15.0.28307.329
MinimumVisualStudioVersion = 10.0.40219.1
Project("{FAE04EC0-301F-11D3-BF4B-00C04F79EFBC}") = "Lab1_Mysko", "Lab1_Mysko.csproj", "{67891AA8-D61B-4C20-A6AA-E91AFE3F6A1A}"
EndProject
Global
	GlobalSection(SolutionConfigurationPlatforms) = preSolution
		Debug|Any CPU = Debug|Any CPU
		Release|Any CPU = Release|Any CPU
	EndGlobalSection
	GlobalSection(ProjectConfigurationPlatforms) = postSolution
		{67891AA8-D61B-4C20-A6AA-E91AFE3F6A1A}.Debug|Any CPU.ActiveCfg = Debug|Any CPU
		{67891AA8-D61B-4C20-A6AA-E91AFE3F6A1A}.Debug|Any CPU.Build.0 = Debug|Any CPU
		{67891AA8-D61B-4C20-A6AA-E91AFE3F6A1A}.Release|Any CPU.ActiveCfg = Release|Any CPU
		{67891AA8-D61B-4C20-A6AA-E91AFE3F6A1A}.Release|Any CPU.Build.0 = Release|Any CPU
	EndGlobalSection
	GlobalSection(SolutionProperties) = preSolution
		HideSolutionNode = FALSE
	EndGlobalSection
	GlobalSection(ExtensibilityGlobals) = postSolution
		SolutionGuid = {AFF96605-09C2-4D0D-8604-12ED3A27379F}
	EndGlobalSection
EndGlobal
